
Microsoft Visual Studio Solution File, Format Version 12.00
# Visual Studio Version 16
VisualStudioVersion = 16.0.32413.511
MinimumVisualStudioVersion = 10.0.40219.1
Project("{9A19103F-16F7-4668-BE54-9A1E7A4F7556}") = "Ajuna.NetApi.Test", "Ajuna.NetApi.Test\Ajuna.NetApi.Test.csproj", "{44F3AE7C-8392-4CE4-9EA6-3F3E3EF647FC}"
EndProject
Project("{9A19103F-16F7-4668-BE54-9A1E7A4F7556}") = "Ajuna.NetApi", "Ajuna.NetApi\Ajuna.NetApi.csproj", "{CC805134-DE4B-44C0-A77F-630347E57848}"
EndProject
Project("{9A19103F-16F7-4668-BE54-9A1E7A4F7556}") = "Ajuna.NetApi.TestNode", "Ajuna.NetApi.TestNode\Ajuna.NetApi.TestNode.csproj", "{1866CE09-C874-4E65-A443-49DCBFC583A1}"
EndProject
Project("{9A19103F-16F7-4668-BE54-9A1E7A4F7556}") = "TestTee", "TestTee\TestTee.csproj", "{F6FDED00-4A60-4356-8684-8C8A89528C1E}"
EndProject
Project("{9A19103F-16F7-4668-BE54-9A1E7A4F7556}") = "Ajuna.NetApiTeeExtTest", "Ajuna.NetApiTeeExtTest\Ajuna.NetApiTeeExtTest.csproj", "{B6B88A87-3304-4301-AA42-5DC2B0594F26}"
EndProject
Project("{9A19103F-16F7-4668-BE54-9A1E7A4F7556}") = "Ajuna.NetApiExt", "Ajuna.NetApiExt.AjunaNode\Ajuna.NetApiExt.csproj", "{2665BDF5-860D-41E0-AC62-8E78AC46F541}"
EndProject
Project("{9A19103F-16F7-4668-BE54-9A1E7A4F7556}") = "Ajuna.NetWallet", "Ajuna.NetWallet\Ajuna.NetWallet.csproj", "{12958FDF-8ACC-407E-BA3D-99CF0768F14E}"
EndProject
Project("{9A19103F-16F7-4668-BE54-9A1E7A4F7556}") = "Ajuna.NetWalletTests", "Ajuna.NetWalletTest\Ajuna.NetWalletTests.csproj", "{0BBE570F-18B7-4FC5-AF09-2684BEDA9D3C}"
EndProject
Project("{9A19103F-16F7-4668-BE54-9A1E7A4F7556}") = "Ajuna.UnityInterface", "Ajuna.UnityInterface\Ajuna.UnityInterface.csproj", "{68019F7D-85DA-4510-B784-BAEF1D1EE177}"
EndProject
Project("{9A19103F-16F7-4668-BE54-9A1E7A4F7556}") = "Dot4GBot", "Dot4GBot\Dot4GBot.csproj", "{9E577EE2-FEC1-48BA-B53D-A94438A6B243}"
EndProject
Project("{FAE04EC0-301F-11D3-BF4B-00C04F79EFBC}") = "WorkerTest", "WorkerTest\WorkerTest.csproj", "{E88BF7EB-242B-4836-A9C1-2E9AD04F00D4}"
EndProject
Global
	GlobalSection(SolutionConfigurationPlatforms) = preSolution
		Debug|Any CPU = Debug|Any CPU
		Debug|x64 = Debug|x64
		Release|Any CPU = Release|Any CPU
		Release|x64 = Release|x64
	EndGlobalSection
	GlobalSection(ProjectConfigurationPlatforms) = postSolution
		{44F3AE7C-8392-4CE4-9EA6-3F3E3EF647FC}.Debug|Any CPU.ActiveCfg = Debug|Any CPU
		{44F3AE7C-8392-4CE4-9EA6-3F3E3EF647FC}.Debug|Any CPU.Build.0 = Debug|Any CPU
		{44F3AE7C-8392-4CE4-9EA6-3F3E3EF647FC}.Debug|x64.ActiveCfg = Debug|Any CPU
		{44F3AE7C-8392-4CE4-9EA6-3F3E3EF647FC}.Debug|x64.Build.0 = Debug|Any CPU
		{44F3AE7C-8392-4CE4-9EA6-3F3E3EF647FC}.Release|Any CPU.ActiveCfg = Release|Any CPU
		{44F3AE7C-8392-4CE4-9EA6-3F3E3EF647FC}.Release|Any CPU.Build.0 = Release|Any CPU
		{44F3AE7C-8392-4CE4-9EA6-3F3E3EF647FC}.Release|x64.ActiveCfg = Release|Any CPU
		{44F3AE7C-8392-4CE4-9EA6-3F3E3EF647FC}.Release|x64.Build.0 = Release|Any CPU
		{CC805134-DE4B-44C0-A77F-630347E57848}.Debug|Any CPU.ActiveCfg = Debug|Any CPU
		{CC805134-DE4B-44C0-A77F-630347E57848}.Debug|Any CPU.Build.0 = Debug|Any CPU
		{CC805134-DE4B-44C0-A77F-630347E57848}.Debug|x64.ActiveCfg = Debug|Any CPU
		{CC805134-DE4B-44C0-A77F-630347E57848}.Debug|x64.Build.0 = Debug|Any CPU
		{CC805134-DE4B-44C0-A77F-630347E57848}.Release|Any CPU.ActiveCfg = Release|Any CPU
		{CC805134-DE4B-44C0-A77F-630347E57848}.Release|Any CPU.Build.0 = Release|Any CPU
		{CC805134-DE4B-44C0-A77F-630347E57848}.Release|x64.ActiveCfg = Release|Any CPU
		{CC805134-DE4B-44C0-A77F-630347E57848}.Release|x64.Build.0 = Release|Any CPU
		{1866CE09-C874-4E65-A443-49DCBFC583A1}.Debug|Any CPU.ActiveCfg = Debug|Any CPU
		{1866CE09-C874-4E65-A443-49DCBFC583A1}.Debug|Any CPU.Build.0 = Debug|Any CPU
		{1866CE09-C874-4E65-A443-49DCBFC583A1}.Debug|x64.ActiveCfg = Debug|Any CPU
		{1866CE09-C874-4E65-A443-49DCBFC583A1}.Debug|x64.Build.0 = Debug|Any CPU
		{1866CE09-C874-4E65-A443-49DCBFC583A1}.Release|Any CPU.ActiveCfg = Release|Any CPU
		{1866CE09-C874-4E65-A443-49DCBFC583A1}.Release|Any CPU.Build.0 = Release|Any CPU
		{1866CE09-C874-4E65-A443-49DCBFC583A1}.Release|x64.ActiveCfg = Release|Any CPU
		{1866CE09-C874-4E65-A443-49DCBFC583A1}.Release|x64.Build.0 = Release|Any CPU
		{F6FDED00-4A60-4356-8684-8C8A89528C1E}.Debug|Any CPU.ActiveCfg = Debug|Any CPU
		{F6FDED00-4A60-4356-8684-8C8A89528C1E}.Debug|Any CPU.Build.0 = Debug|Any CPU
		{F6FDED00-4A60-4356-8684-8C8A89528C1E}.Debug|x64.ActiveCfg = Debug|Any CPU
		{F6FDED00-4A60-4356-8684-8C8A89528C1E}.Debug|x64.Build.0 = Debug|Any CPU
		{F6FDED00-4A60-4356-8684-8C8A89528C1E}.Release|Any CPU.ActiveCfg = Release|Any CPU
		{F6FDED00-4A60-4356-8684-8C8A89528C1E}.Release|Any CPU.Build.0 = Release|Any CPU
		{F6FDED00-4A60-4356-8684-8C8A89528C1E}.Release|x64.ActiveCfg = Release|Any CPU
		{F6FDED00-4A60-4356-8684-8C8A89528C1E}.Release|x64.Build.0 = Release|Any CPU
		{B6B88A87-3304-4301-AA42-5DC2B0594F26}.Debug|Any CPU.ActiveCfg = Debug|Any CPU
		{B6B88A87-3304-4301-AA42-5DC2B0594F26}.Debug|Any CPU.Build.0 = Debug|Any CPU
		{B6B88A87-3304-4301-AA42-5DC2B0594F26}.Debug|x64.ActiveCfg = Debug|Any CPU
		{B6B88A87-3304-4301-AA42-5DC2B0594F26}.Debug|x64.Build.0 = Debug|Any CPU
		{B6B88A87-3304-4301-AA42-5DC2B0594F26}.Release|Any CPU.ActiveCfg = Release|Any CPU
		{B6B88A87-3304-4301-AA42-5DC2B0594F26}.Release|Any CPU.Build.0 = Release|Any CPU
		{B6B88A87-3304-4301-AA42-5DC2B0594F26}.Release|x64.ActiveCfg = Release|Any CPU
		{B6B88A87-3304-4301-AA42-5DC2B0594F26}.Release|x64.Build.0 = Release|Any CPU
		{2665BDF5-860D-41E0-AC62-8E78AC46F541}.Debug|Any CPU.ActiveCfg = Debug|Any CPU
		{2665BDF5-860D-41E0-AC62-8E78AC46F541}.Debug|Any CPU.Build.0 = Debug|Any CPU
		{2665BDF5-860D-41E0-AC62-8E78AC46F541}.Debug|x64.ActiveCfg = Debug|Any CPU
		{2665BDF5-860D-41E0-AC62-8E78AC46F541}.Debug|x64.Build.0 = Debug|Any CPU
		{2665BDF5-860D-41E0-AC62-8E78AC46F541}.Release|Any CPU.ActiveCfg = Release|Any CPU
		{2665BDF5-860D-41E0-AC62-8E78AC46F541}.Release|Any CPU.Build.0 = Release|Any CPU
		{2665BDF5-860D-41E0-AC62-8E78AC46F541}.Release|x64.ActiveCfg = Release|Any CPU
		{2665BDF5-860D-41E0-AC62-8E78AC46F541}.Release|x64.Build.0 = Release|Any CPU
		{12958FDF-8ACC-407E-BA3D-99CF0768F14E}.Debug|Any CPU.ActiveCfg = Debug|Any CPU
		{12958FDF-8ACC-407E-BA3D-99CF0768F14E}.Debug|Any CPU.Build.0 = Debug|Any CPU
		{12958FDF-8ACC-407E-BA3D-99CF0768F14E}.Debug|x64.ActiveCfg = Debug|Any CPU
		{12958FDF-8ACC-407E-BA3D-99CF0768F14E}.Debug|x64.Build.0 = Debug|Any CPU
		{12958FDF-8ACC-407E-BA3D-99CF0768F14E}.Release|Any CPU.ActiveCfg = Release|Any CPU
		{12958FDF-8ACC-407E-BA3D-99CF0768F14E}.Release|Any CPU.Build.0 = Release|Any CPU
		{12958FDF-8ACC-407E-BA3D-99CF0768F14E}.Release|x64.ActiveCfg = Release|Any CPU
		{12958FDF-8ACC-407E-BA3D-99CF0768F14E}.Release|x64.Build.0 = Release|Any CPU
		{0BBE570F-18B7-4FC5-AF09-2684BEDA9D3C}.Debug|Any CPU.ActiveCfg = Debug|Any CPU
		{0BBE570F-18B7-4FC5-AF09-2684BEDA9D3C}.Debug|Any CPU.Build.0 = Debug|Any CPU
		{0BBE570F-18B7-4FC5-AF09-2684BEDA9D3C}.Debug|x64.ActiveCfg = Debug|Any CPU
		{0BBE570F-18B7-4FC5-AF09-2684BEDA9D3C}.Debug|x64.Build.0 = Debug|Any CPU
		{0BBE570F-18B7-4FC5-AF09-2684BEDA9D3C}.Release|Any CPU.ActiveCfg = Release|Any CPU
		{0BBE570F-18B7-4FC5-AF09-2684BEDA9D3C}.Release|Any CPU.Build.0 = Release|Any CPU
		{0BBE570F-18B7-4FC5-AF09-2684BEDA9D3C}.Release|x64.ActiveCfg = Release|Any CPU
		{0BBE570F-18B7-4FC5-AF09-2684BEDA9D3C}.Release|x64.Build.0 = Release|Any CPU
		{68019F7D-85DA-4510-B784-BAEF1D1EE177}.Debug|Any CPU.ActiveCfg = Debug|Any CPU
		{68019F7D-85DA-4510-B784-BAEF1D1EE177}.Debug|Any CPU.Build.0 = Debug|Any CPU
		{68019F7D-85DA-4510-B784-BAEF1D1EE177}.Debug|x64.ActiveCfg = Debug|Any CPU
		{68019F7D-85DA-4510-B784-BAEF1D1EE177}.Debug|x64.Build.0 = Debug|Any CPU
		{68019F7D-85DA-4510-B784-BAEF1D1EE177}.Release|Any CPU.ActiveCfg = Release|Any CPU
		{68019F7D-85DA-4510-B784-BAEF1D1EE177}.Release|Any CPU.Build.0 = Release|Any CPU
		{68019F7D-85DA-4510-B784-BAEF1D1EE177}.Release|x64.ActiveCfg = Release|Any CPU
		{68019F7D-85DA-4510-B784-BAEF1D1EE177}.Release|x64.Build.0 = Release|Any CPU
		{9E577EE2-FEC1-48BA-B53D-A94438A6B243}.Debug|Any CPU.ActiveCfg = Debug|Any CPU
		{9E577EE2-FEC1-48BA-B53D-A94438A6B243}.Debug|Any CPU.Build.0 = Debug|Any CPU
		{9E577EE2-FEC1-48BA-B53D-A94438A6B243}.Debug|x64.ActiveCfg = Debug|Any CPU
		{9E577EE2-FEC1-48BA-B53D-A94438A6B243}.Debug|x64.Build.0 = Debug|Any CPU
		{9E577EE2-FEC1-48BA-B53D-A94438A6B243}.Release|Any CPU.ActiveCfg = Release|Any CPU
		{9E577EE2-FEC1-48BA-B53D-A94438A6B243}.Release|Any CPU.Build.0 = Release|Any CPU
		{9E577EE2-FEC1-48BA-B53D-A94438A6B243}.Release|x64.ActiveCfg = Release|Any CPU
		{9E577EE2-FEC1-48BA-B53D-A94438A6B243}.Release|x64.Build.0 = Release|Any CPU
		{E88BF7EB-242B-4836-A9C1-2E9AD04F00D4}.Debug|Any CPU.ActiveCfg = Debug|Any CPU
		{E88BF7EB-242B-4836-A9C1-2E9AD04F00D4}.Debug|Any CPU.Build.0 = Debug|Any CPU
		{E88BF7EB-242B-4836-A9C1-2E9AD04F00D4}.Debug|x64.ActiveCfg = Debug|Any CPU
		{E88BF7EB-242B-4836-A9C1-2E9AD04F00D4}.Debug|x64.Build.0 = Debug|Any CPU
		{E88BF7EB-242B-4836-A9C1-2E9AD04F00D4}.Release|Any CPU.ActiveCfg = Release|Any CPU
		{E88BF7EB-242B-4836-A9C1-2E9AD04F00D4}.Release|Any CPU.Build.0 = Release|Any CPU
		{E88BF7EB-242B-4836-A9C1-2E9AD04F00D4}.Release|x64.ActiveCfg = Release|Any CPU
		{E88BF7EB-242B-4836-A9C1-2E9AD04F00D4}.Release|x64.Build.0 = Release|Any CPU
	EndGlobalSection
	GlobalSection(SolutionProperties) = preSolution
		HideSolutionNode = FALSE
	EndGlobalSection
	GlobalSection(ExtensibilityGlobals) = postSolution
		SolutionGuid = {1FBEB6F7-2D6B-4FEE-9A8A-A1019D944AFE}
	EndGlobalSection
EndGlobal
